{
  "version": 4,
  "terraform_version": "1.3.2",
  "serial": 24,
  "lineage": "45ea8559-91e6-676e-91fe-fe2a8ffa3052",
  "outputs": {
    "jenkins_ip": {
      "value": "159.65.244.252",
      "type": "string"
    }
  },
  "resources": [
    {
      "mode": "data",
      "type": "digitalocean_ssh_key",
      "name": "ssh_key",
      "provider": "provider[\"registry.terraform.io/digitalocean/digitalocean\"]",
      "instances": [
        {
          "schema_version": 0,
          "attributes": {
            "fingerprint": "80:d7:99:7b:e4:9e:e1:71:95:a1:12:8b:5a:8e:9c:3f",
            "id": 36568149,
            "name": "terraform",
            "public_key": "ssh-rsa AAAAB3NzaC1yc2EAAAADAQABAAABAQD1FroBi6tOo7ARXNhlXg34xv03COOxJUFcqxMHeODRhVL8s6dmPOCQmABrKBPnuPJOZc7AA/9eTzpTQ93UTV/s0w1+FeS814Okz9t64pi1k9+nctUVFcn6FKfG+LjGCQTrIYdje5o8hb+RCdrlTDPy/wfdFrjgQb06A+fYUnlT1KaWwJRpnG+iAQ1i/xGbo9rF8ws5I8oxolZjX2YpYMK9NFKWHE9/+99N+CaOUOyhtXENeeCMR5g3z57PN7r35qvcrDqDj69JmDke4RDJVKvcPc6ORVRMZDAOi+mmF1GWH5mFDa+vbt1VQ+RwZ0aWA/GuHC1cQTg+EeNUeKf/F7T7 thionas@DESKTHIO"
          },
          "sensitive_attributes": []
        }
      ]
    },
    {
      "mode": "managed",
      "type": "digitalocean_droplet",
      "name": "jenkins",
      "provider": "provider[\"registry.terraform.io/digitalocean/digitalocean\"]",
      "instances": [
        {
          "schema_version": 1,
          "attributes": {
            "backups": false,
            "created_at": "2022-10-23T22:21:55Z",
            "disk": 60,
            "droplet_agent": null,
            "graceful_shutdown": false,
            "id": "322551134",
            "image": "ubuntu-22-04-x64",
            "ipv4_address": "159.65.244.252",
            "ipv4_address_private": "10.108.0.2",
            "ipv6": false,
            "ipv6_address": "",
            "locked": false,
            "memory": 2048,
            "monitoring": false,
            "name": "jenkins",
            "price_hourly": 0.02679,
            "price_monthly": 18,
            "private_networking": true,
            "region": "nyc3",
            "resize_disk": true,
            "size": "s-2vcpu-2gb",
            "ssh_keys": [
              "36568149"
            ],
            "status": "active",
            "tags": [],
            "timeouts": null,
            "urn": "do:droplet:322551134",
            "user_data": null,
            "vcpus": 2,
            "volume_ids": [],
            "vpc_uuid": "791f6c91-e360-447b-936a-685e0e2a70b7"
          },
          "sensitive_attributes": [],
          "private": "eyJlMmJmYjczMC1lY2FhLTExZTYtOGY4OC0zNDM2M2JjN2M0YzAiOnsiY3JlYXRlIjozNjAwMDAwMDAwMDAwLCJkZWxldGUiOjYwMDAwMDAwMDAwLCJ1cGRhdGUiOjM2MDAwMDAwMDAwMDB9LCJzY2hlbWFfdmVyc2lvbiI6IjEifQ==",
          "dependencies": [
            "data.digitalocean_ssh_key.ssh_key"
          ]
        }
      ]
    },
    {
      "mode": "managed",
      "type": "digitalocean_kubernetes_cluster",
      "name": "k8s",
      "provider": "provider[\"registry.terraform.io/digitalocean/digitalocean\"]",
      "instances": [
        {
          "schema_version": 3,
          "attributes": {
            "auto_upgrade": false,
            "cluster_subnet": "10.244.0.0/16",
            "created_at": "2022-10-23 22:21:35 +0000 UTC",
            "endpoint": "https://0d664119-26a5-4e94-9360-fcdb2f361313.k8s.ondigitalocean.com",
            "ha": false,
            "id": "0d664119-26a5-4e94-9360-fcdb2f361313",
            "ipv4_address": "",
            "kube_config": [
              {
                "client_certificate": "",
                "client_key": "",
                "cluster_ca_certificate": "LS0tLS1CRUdJTiBDRVJUSUZJQ0FURS0tLS0tCk1JSURKekNDQWcrZ0F3SUJBZ0lDQm5Vd0RRWUpLb1pJaHZjTkFRRUxCUUF3TXpFVk1CTUdBMVVFQ2hNTVJHbG4KYVhSaGJFOWpaV0Z1TVJvd0dBWURWUVFERXhGck9ITmhZWE1nUTJ4MWMzUmxjaUJEUVRBZUZ3MHlNakV3TWpNeQpNakl4TXpkYUZ3MDBNakV3TWpNeU1qSXhNemRhTURNeEZUQVRCZ05WQkFvVERFUnBaMmwwWVd4UFkyVmhiakVhCk1CZ0dBMVVFQXhNUmF6aHpZV0Z6SUVOc2RYTjBaWElnUTBFd2dnRWlNQTBHQ1NxR1NJYjNEUUVCQVFVQUE0SUIKRHdBd2dnRUtBb0lCQVFDbXh1REZZT3o2RWZ1MVdzRHpvRDhDdW5NSU5tc2Y4WWgrYU5rQzBTazhVR1Mzdy9zZwpHRjhJU04yM2NJVHNZL2JyYldBeUdvbUdweEZmSUVsWVZqQkliMnAwZXYrWnhZZW9VYWxVUnhOb3E1eCtRcjh1ClVRQ29hTmR2UVpsMVcwbE1YVVZNUnEwUExuUmdNdU1NZ3Z5MEtDcHMvaVVHcXBBeXg0dFFBK0lDTVkwSjl6eW0KMDZsMjJtMVVQL3ZFZjZaV0o4bThPNlMwOE53SE9hUHlyYWpMVitXWENFNithcW91MDFNNGUxSjFTVjlBd0padgpNMUVJWEhhR0N3YzhDZTZldXJCbXBXaXRyT2pDQ3lMT2dxRUdnZks0NFh3Y2RhT25FdWRYM0tWUUpRRHQvNFhmCjdZYzhkbStBNjJKY2wvUHlUcGdBbU5EVjBLemxtM0RGdVlWSEFnTUJBQUdqUlRCRE1BNEdBMVVkRHdFQi93UUUKQXdJQmhqQVNCZ05WSFJNQkFmOEVDREFHQVFIL0FnRUFNQjBHQTFVZERnUVdCQlNrQ3NDdUtZL255bVJnRVp2SgpqZmxGbzJVTk1qQU5CZ2txaGtpRzl3MEJBUXNGQUFPQ0FRRUFwTXJKa294MnRHOGN4ekpLNnN0ZjZOYlc4SURLCnd0UlRlVGdlRk5SV1dFN0ZOKzFGQTU1WnRIUU5MdndydzJsZ05kVlFCS2Rrc1crd0FsWEN6NTFaRU5KOVZsK3oKS0VOZGdBaTJJbXlpK3pzTnJzSFIzM01Uc3RCOFZpb0x4UEtpM1dxN0ovMFpBMDN4a0lUdUR2blo4U3UxRnQ2SQpCKzV1Ri9XTGVJanpySFI3NHdnemQrQUN5anhQNlpUNXg4Zkd3WDRodUZQWWlPNzZnYTFIaTdtQTFTTlIvbzVhClNuN0pvbjZ3WnFSK0JGdXRMSHRZTUdRWFhCOUZhTXpvdjRjYll6VkVPMVg2OHVPTzk1LzlzU29TR0Q4RHI2WE0KOVZORVNnbEl6d21mUkx0Y1ExYVV4RHJRdERrNjNJU25GdDBZV3NsWlMrdTZKRFgzdWxLRmQ5OXJldz09Ci0tLS0tRU5EIENFUlRJRklDQVRFLS0tLS0K",
                "expires_at": "2022-10-30T22:27:46Z",
                "host": "https://0d664119-26a5-4e94-9360-fcdb2f361313.k8s.ondigitalocean.com",
                "raw_config": "apiVersion: v1\nkind: Config\nclusters:\n- cluster:\n    certificate-authority-data: LS0tLS1CRUdJTiBDRVJUSUZJQ0FURS0tLS0tCk1JSURKekNDQWcrZ0F3SUJBZ0lDQm5Vd0RRWUpLb1pJaHZjTkFRRUxCUUF3TXpFVk1CTUdBMVVFQ2hNTVJHbG4KYVhSaGJFOWpaV0Z1TVJvd0dBWURWUVFERXhGck9ITmhZWE1nUTJ4MWMzUmxjaUJEUVRBZUZ3MHlNakV3TWpNeQpNakl4TXpkYUZ3MDBNakV3TWpNeU1qSXhNemRhTURNeEZUQVRCZ05WQkFvVERFUnBaMmwwWVd4UFkyVmhiakVhCk1CZ0dBMVVFQXhNUmF6aHpZV0Z6SUVOc2RYTjBaWElnUTBFd2dnRWlNQTBHQ1NxR1NJYjNEUUVCQVFVQUE0SUIKRHdBd2dnRUtBb0lCQVFDbXh1REZZT3o2RWZ1MVdzRHpvRDhDdW5NSU5tc2Y4WWgrYU5rQzBTazhVR1Mzdy9zZwpHRjhJU04yM2NJVHNZL2JyYldBeUdvbUdweEZmSUVsWVZqQkliMnAwZXYrWnhZZW9VYWxVUnhOb3E1eCtRcjh1ClVRQ29hTmR2UVpsMVcwbE1YVVZNUnEwUExuUmdNdU1NZ3Z5MEtDcHMvaVVHcXBBeXg0dFFBK0lDTVkwSjl6eW0KMDZsMjJtMVVQL3ZFZjZaV0o4bThPNlMwOE53SE9hUHlyYWpMVitXWENFNithcW91MDFNNGUxSjFTVjlBd0padgpNMUVJWEhhR0N3YzhDZTZldXJCbXBXaXRyT2pDQ3lMT2dxRUdnZks0NFh3Y2RhT25FdWRYM0tWUUpRRHQvNFhmCjdZYzhkbStBNjJKY2wvUHlUcGdBbU5EVjBLemxtM0RGdVlWSEFnTUJBQUdqUlRCRE1BNEdBMVVkRHdFQi93UUUKQXdJQmhqQVNCZ05WSFJNQkFmOEVDREFHQVFIL0FnRUFNQjBHQTFVZERnUVdCQlNrQ3NDdUtZL255bVJnRVp2SgpqZmxGbzJVTk1qQU5CZ2txaGtpRzl3MEJBUXNGQUFPQ0FRRUFwTXJKa294MnRHOGN4ekpLNnN0ZjZOYlc4SURLCnd0UlRlVGdlRk5SV1dFN0ZOKzFGQTU1WnRIUU5MdndydzJsZ05kVlFCS2Rrc1crd0FsWEN6NTFaRU5KOVZsK3oKS0VOZGdBaTJJbXlpK3pzTnJzSFIzM01Uc3RCOFZpb0x4UEtpM1dxN0ovMFpBMDN4a0lUdUR2blo4U3UxRnQ2SQpCKzV1Ri9XTGVJanpySFI3NHdnemQrQUN5anhQNlpUNXg4Zkd3WDRodUZQWWlPNzZnYTFIaTdtQTFTTlIvbzVhClNuN0pvbjZ3WnFSK0JGdXRMSHRZTUdRWFhCOUZhTXpvdjRjYll6VkVPMVg2OHVPTzk1LzlzU29TR0Q4RHI2WE0KOVZORVNnbEl6d21mUkx0Y1ExYVV4RHJRdERrNjNJU25GdDBZV3NsWlMrdTZKRFgzdWxLRmQ5OXJldz09Ci0tLS0tRU5EIENFUlRJRklDQVRFLS0tLS0K\n    server: https://0d664119-26a5-4e94-9360-fcdb2f361313.k8s.ondigitalocean.com\n  name: do-nyc3-k8s\ncontexts:\n- context:\n    cluster: do-nyc3-k8s\n    user: do-nyc3-k8s-admin\n  name: do-nyc3-k8s\ncurrent-context: do-nyc3-k8s\nusers:\n- name: do-nyc3-k8s-admin\n  user:\n    token: dop_v1_b137f471c70e30ddbf431aea9dd31a9232975c025cb36e2da09c47d1c7fbfaf8\n",
                "token": "dop_v1_b137f471c70e30ddbf431aea9dd31a9232975c025cb36e2da09c47d1c7fbfaf8"
              }
            ],
            "maintenance_policy": [
              {
                "day": "any",
                "duration": "4h0m0s",
                "start_time": "17:00"
              }
            ],
            "name": "k8s",
            "node_pool": [
              {
                "actual_node_count": 2,
                "auto_scale": false,
                "id": "07e34a49-8bb2-4e6e-8135-c81fe6e050a1",
                "labels": {},
                "max_nodes": 0,
                "min_nodes": 0,
                "name": "default",
                "node_count": 2,
                "nodes": [
                  {
                    "created_at": "2022-10-23 22:21:35 +0000 UTC",
                    "droplet_id": "322551204",
                    "id": "78024b7c-d5df-4ee2-bfc5-8ca1cd05ea84",
                    "name": "default-7dhrf",
                    "status": "running",
                    "updated_at": "2022-10-23 22:22:59 +0000 UTC"
                  },
                  {
                    "created_at": "2022-10-23 22:21:35 +0000 UTC",
                    "droplet_id": "322551205",
                    "id": "fffb5b97-da8b-493b-bf88-85b1a91be00f",
                    "name": "default-7dhry",
                    "status": "running",
                    "updated_at": "2022-10-23 22:22:59 +0000 UTC"
                  }
                ],
                "size": "s-2vcpu-2gb",
                "tags": [],
                "taint": []
              }
            ],
            "region": "nyc3",
            "service_subnet": "10.245.0.0/16",
            "status": "running",
            "surge_upgrade": true,
            "tags": [],
            "timeouts": null,
            "updated_at": "2022-10-23 22:27:37 +0000 UTC",
            "urn": "do:kubernetes:0d664119-26a5-4e94-9360-fcdb2f361313",
            "version": "1.24.4-do.0",
            "vpc_uuid": "791f6c91-e360-447b-936a-685e0e2a70b7"
          },
          "sensitive_attributes": [],
          "private": "eyJlMmJmYjczMC1lY2FhLTExZTYtOGY4OC0zNDM2M2JjN2M0YzAiOnsiY3JlYXRlIjoxODAwMDAwMDAwMDAwfSwic2NoZW1hX3ZlcnNpb24iOiIzIn0="
        }
      ]
    }
  ],
  "check_results": []
}
